// !$*UTF8*$!
{
	archiveVersion = 1;
	classes = {
	};
	objectVersion = 50;
	objects = {

/* Begin PBXBuildFile section */
		AA005C0326147F80000BF47F /* AppDelegate.swift in Sources */ = {isa = PBXBuildFile; fileRef = AA005C0226147F80000BF47F /* AppDelegate.swift */; };
		AA005C0526147F80000BF47F /* SceneDelegate.swift in Sources */ = {isa = PBXBuildFile; fileRef = AA005C0426147F80000BF47F /* SceneDelegate.swift */; };
		AA005C0726147F80000BF47F /* ViewController.swift in Sources */ = {isa = PBXBuildFile; fileRef = AA005C0626147F80000BF47F /* ViewController.swift */; };
		AA005C0A26147F80000BF47F /* Main.storyboard in Resources */ = {isa = PBXBuildFile; fileRef = AA005C0826147F80000BF47F /* Main.storyboard */; };
		AA005C0C26147F83000BF47F /* Assets.xcassets in Resources */ = {isa = PBXBuildFile; fileRef = AA005C0B26147F83000BF47F /* Assets.xcassets */; };
		AA005C0F26147F83000BF47F /* LaunchScreen.storyboard in Resources */ = {isa = PBXBuildFile; fileRef = AA005C0D26147F83000BF47F /* LaunchScreen.storyboard */; };
		AA005C1926147FAF000BF47F /* LoadImageOperation.swift in Sources */ = {isa = PBXBuildFile; fileRef = AA005C1826147FAF000BF47F /* LoadImageOperation.swift */; };
		AA005C1D26147FC0000BF47F /* YGImageView.swift in Sources */ = {isa = PBXBuildFile; fileRef = AA005C1C26147FC0000BF47F /* YGImageView.swift */; };
		AA005C2026147FCE000BF47F /* YGImageCache.swift in Sources */ = {isa = PBXBuildFile; fileRef = AA005C1F26147FCE000BF47F /* YGImageCache.swift */; };
/* End PBXBuildFile section */

/* Begin PBXFileReference section */
		AA005BFF26147F80000BF47F /* YGWebImage.app */ = {isa = PBXFileReference; explicitFileType = wrapper.application; includeInIndex = 0; path = YGWebImage.app; sourceTree = BUILT_PRODUCTS_DIR; };
		AA005C0226147F80000BF47F /* AppDelegate.swift */ = {isa = PBXFileReference; lastKnownFileType = sourcecode.swift; path = AppDelegate.swift; sourceTree = "<group>"; };
		AA005C0426147F80000BF47F /* SceneDelegate.swift */ = {isa = PBXFileReference; lastKnownFileType = sourcecode.swift; path = SceneDelegate.swift; sourceTree = "<group>"; };
		AA005C0626147F80000BF47F /* ViewController.swift */ = {isa = PBXFileReference; lastKnownFileType = sourcecode.swift; path = ViewController.swift; sourceTree = "<group>"; };
		AA005C0926147F80000BF47F /* Base */ = {isa = PBXFileReference; lastKnownFileType = file.storyboard; name = Base; path = Base.lproj/Main.storyboard; sourceTree = "<group>"; };
		AA005C0B26147F83000BF47F /* Assets.xcassets */ = {isa = PBXFileReference; lastKnownFileType = folder.assetcatalog; path = Assets.xcassets; sourceTree = "<group>"; };
		AA005C0E26147F83000BF47F /* Base */ = {isa = PBXFileReference; lastKnownFileType = file.storyboard; name = Base; path = Base.lproj/LaunchScreen.storyboard; sourceTree = "<group>"; };
		AA005C1026147F83000BF47F /* Info.plist */ = {isa = PBXFileReference; lastKnownFileType = text.plist.xml; path = Info.plist; sourceTree = "<group>"; };
		AA005C1826147FAF000BF47F /* LoadImageOperation.swift */ = {isa = PBXFileReference; lastKnownFileType = sourcecode.swift; path = LoadImageOperation.swift; sourceTree = "<group>"; };
		AA005C1C26147FC0000BF47F /* YGImageView.swift */ = {isa = PBXFileReference; lastKnownFileType = sourcecode.swift; path = YGImageView.swift; sourceTree = "<group>"; };
		AA005C1F26147FCE000BF47F /* YGImageCache.swift */ = {isa = PBXFileReference; lastKnownFileType = sourcecode.swift; path = YGImageCache.swift; sourceTree = "<group>"; };
/* End PBXFileReference section */

/* Begin PBXFrameworksBuildPhase section */
		AA005BFC26147F80000BF47F /* Frameworks */ = {
			isa = PBXFrameworksBuildPhase;
			buildActionMask = 2147483647;
			files = (
			);
			runOnlyForDeploymentPostprocessing = 0;
		};
/* End PBXFrameworksBuildPhase section */

/* Begin PBXGroup section */
		AA005BF626147F80000BF47F = {
			isa = PBXGroup;
			children = (
				AA005C0126147F80000BF47F /* YGWebImage */,
				AA005C0026147F80000BF47F /* Products */,
			);
			sourceTree = "<group>";
		};
		AA005C0026147F80000BF47F /* Products */ = {
			isa = PBXGroup;
			children = (
				AA005BFF26147F80000BF47F /* YGWebImage.app */,
			);
			name = Products;
			sourceTree = "<group>";
		};
		AA005C0126147F80000BF47F /* YGWebImage */ = {
			isa = PBXGroup;
			children = (
				AA005C1726147F92000BF47F /* YGImageTool */,
				AA005C0226147F80000BF47F /* AppDelegate.swift */,
				AA005C0426147F80000BF47F /* SceneDelegate.swift */,
				AA005C0626147F80000BF47F /* ViewController.swift */,
				AA005C0826147F80000BF47F /* Main.storyboard */,
				AA005C0B26147F83000BF47F /* Assets.xcassets */,
				AA005C0D26147F83000BF47F /* LaunchScreen.storyboard */,
				AA005C1026147F83000BF47F /* Info.plist */,
			);
			path = YGWebImage;
			sourceTree = "<group>";
		};
		AA005C1726147F92000BF47F /* YGImageTool */ = {
			isa = PBXGroup;
			children = (
				AA005C1826147FAF000BF47F /* LoadImageOperation.swift */,
				AA005C1C26147FC0000BF47F /* YGImageView.swift */,
				AA005C1F26147FCE000BF47F /* YGImageCache.swift */,
			);
			path = YGImageTool;
			sourceTree = "<group>";
		};
/* End PBXGroup section */

/* Begin PBXNativeTarget section */
		AA005BFE26147F80000BF47F /* YGWebImage */ = {
			isa = PBXNativeTarget;
			buildConfigurationList = AA005C1326147F83000BF47F /* Build configuration list for PBXNativeTarget "YGWebImage" */;
			buildPhases = (
				AA005BFB26147F80000BF47F /* Sources */,
				AA005BFC26147F80000BF47F /* Frameworks */,
				AA005BFD26147F80000BF47F /* Resources */,
			);
			buildRules = (
			);
			dependencies = (
			);
			name = YGWebImage;
			productName = YGWebImage;
			productReference = AA005BFF26147F80000BF47F /* YGWebImage.app */;
			productType = "com.apple.product-type.application";
		};
/* End PBXNativeTarget section */

/* Begin PBXProject section */
		AA005BF726147F80000BF47F /* Project object */ = {
			isa = PBXProject;
			attributes = {
				LastSwiftUpdateCheck = 1240;
				LastUpgradeCheck = 1240;
				TargetAttributes = {
					AA005BFE26147F80000BF47F = {
						CreatedOnToolsVersion = 12.4;
					};
				};
			};
			buildConfigurationList = AA005BFA26147F80000BF47F /* Build configuration list for PBXProject "YGWebImage" */;
			compatibilityVersion = "Xcode 9.3";
			developmentRegion = en;
			hasScannedForEncodings = 0;
			knownRegions = (
				en,
				Base,
			);
			mainGroup = AA005BF626147F80000BF47F;
			productRefGroup = AA005C0026147F80000BF47F /* Products */;
			projectDirPath = "";
			projectRoot = "";
			targets = (
				AA005BFE26147F80000BF47F /* YGWebImage */,
			);
		};
/* End PBXProject section */

/* Begin PBXResourcesBuildPhase section */
		AA005BFD26147F80000BF47F /* Resources */ = {
			isa = PBXResourcesBuildPhase;
			buildActionMask = 2147483647;
			files = (
				AA005C0F26147F83000BF47F /* LaunchScreen.storyboard in Resources */,
				AA005C0C26147F83000BF47F /* Assets.xcassets in Resources */,
				AA005C0A26147F80000BF47F /* Main.storyboard in Resources */,
			);
			runOnlyForDeploymentPostprocessing = 0;
		};
/* End PBXResourcesBuildPhase section */

/* Begin PBXSourcesBuildPhase section */
		AA005BFB26147F80000BF47F /* Sources */ = {
			isa = PBXSourcesBuildPhase;
			buildActionMask = 2147483647;
			files = (
				AA005C0726147F80000BF47F /* ViewController.swift in Sources */,
				AA005C0326147F80000BF47F /* AppDelegate.swift in Sources */,
				AA005C0526147F80000BF47F /* SceneDelegate.swift in Sources */,
				AA005C1D26147FC0000BF47F /* YGImageView.swift in Sources */,
				AA005C2026147FCE000BF47F /* YGImageCache.swift in Sources */,
				AA005C1926147FAF000BF47F /* LoadImageOperation.swift in Sources */,
			);
			runOnlyForDeploymentPostprocessing = 0;
		};
/* End PBXSourcesBuildPhase section */

/* Begin PBXVariantGroup section */
		AA005C0826147F80000BF47F /* Main.storyboard */ = {
			isa = PBXVariantGroup;
			children = (
				AA005C0926147F80000BF47F /* Base */,
			);
			name = Main.storyboard;
			sourceTree = "<group>";
		};
		AA005C0D26147F83000BF47F /* LaunchScreen.storyboard */ = {
			isa = PBXVariantGroup;
			children = (
				AA005C0E26147F83000BF47F /* Base */,
			);
			name = LaunchScreen.storyboard;
			sourceTree = "<group>";
		};
/* End PBXVariantGroup section */

/* Begin XCBuildConfiguration section */
		AA005C1126147F83000BF47F /* Debug */ = {
			isa = XCBuildConfiguration;
			buildSettings = {
				ALWAYS_SEARCH_USER_PATHS = NO;
				CLANG_ANALYZER_NONNULL = YES;
				CLANG_ANALYZER_NUMBER_OBJECT_CONVERSION = YES_AGGRESSIVE;
				CLANG_CXX_LANGUAGE_STANDARD = "gnu++14";
				CLANG_CXX_LIBRARY = "libc++";
				CLANG_ENABLE_MODULES = YES;
				CLANG_ENABLE_OBJC_ARC = YES;
				CLANG_ENABLE_OBJC_WEAK = YES;
				CLANG_WARN_BLOCK_CAPTURE_AUTORELEASING = YES;
				CLANG_WARN_BOOL_CONVERSION = YES;
				CLANG_WARN_COMMA = YES;
				CLANG_WARN_CONSTANT_CONVERSION = YES;
				CLANG_WARN_DEPRECATED_OBJC_IMPLEMENTATIONS = YES;
				CLANG_WARN_DIRECT_OBJC_ISA_USAGE = YES_ERROR;
				CLANG_WARN_DOCUMENTATION_COMMENTS = YES;
				CLANG_WARN_EMPTY_BODY = YES;
				CLANG_WARN_ENUM_CONVERSION = YES;
				CLANG_WARN_INFINITE_RECURSION = YES;
				CLANG_WARN_INT_CONVERSION = YES;
				CLANG_WARN_NON_LITERAL_NULL_CONVERSION = YES;
				CLANG_WARN_OBJC_IMPLICIT_RETAIN_SELF = YES;
				CLANG_WARN_OBJC_LITERAL_CONVERSION = YES;
				CLANG_WARN_OBJC_ROOT_CLASS = YES_ERROR;
				CLANG_WARN_QUOTED_INCLUDE_IN_FRAMEWORK_HEADER = YES;
				CLANG_WARN_RANGE_LOOP_ANALYSIS = YES;
				CLANG_WARN_STRICT_PROTOTYPES = YES;
				CLANG_WARN_SUSPICIOUS_MOVE = YES;
				CLANG_WARN_UNGUARDED_AVAILABILITY = YES_AGGRESSIVE;
				CLANG_WARN_UNREACHABLE_CODE = YES;
				CLANG_WARN__DUPLICATE_METHOD_MATCH = YES;
				COPY_PHASE_STRIP = NO;
				DEBUG_INFORMATION_FORMAT = dwarf;
				ENABLE_STRICT_OBJC_MSGSEND = YES;
				ENABLE_TESTABILITY = YES;
				GCC_C_LANGUAGE_STANDARD = gnu11;
				GCC_DYNAMIC_NO_PIC = NO;
				GCC_NO_COMMON_BLOCKS = YES;
				GCC_OPTIMIZATION_LEVEL = 0;
				GCC_PREPROCESSOR_DEFINITIONS = (
					"DEBUG=1",
					"$(inherited)",
				);
				GCC_WARN_64_TO_32_BIT_CONVERSION = YES;
				GCC_WARN_ABOUT_RETURN_TYPE = YES_ERROR;
				GCC_WARN_UNDECLARED_SELECTOR = YES;
				GCC_WARN_UNINITIALIZED_AUTOS = YES_AGGRESSIVE;
				GCC_WARN_UNUSED_FUNCTION = YES;
				GCC_WARN_UNUSED_VARIABLE = YES;
				IPHONEOS_DEPLOYMENT_TARGET = 14.4;
				MTL_ENABLE_DEBUG_INFO = INCLUDE_SOURCE;
				MTL_FAST_MATH = YES;
				ONLY_ACTIVE_ARCH = YES;
				SDKROOT = iphoneos;
				SWIFT_ACTIVE_COMPILATION_CONDITIONS = DEBUG;
				SWIFT_OPTIMIZATION_LEVEL = "-Onone";
			};
			name = Debug;
		};
		AA005C1226147F83000BF47F /* Release */ = {
			isa = XCBuildConfiguration;
			buildSettings = {
				ALWAYS_SEARCH_USER_PATHS = NO;
				CLANG_ANALYZER_NONNULL = YES;
				CLANG_ANALYZER_NUMBER_OBJECT_CONVERSION = YES_AGGRESSIVE;
				CLANG_CXX_LANGUAGE_STANDARD = "gnu++14";
				CLANG_CXX_LIBRARY = "libc++";
				CLANG_ENABLE_MODULES = YES;
				CLANG_ENABLE_OBJC_ARC = YES;
				CLANG_ENABLE_OBJC_WEAK = YES;
				CLANG_WARN_BLOCK_CAPTURE_AUTORELEASING = YES;
				CLANG_WARN_BOOL_CONVERSION = YES;
				CLANG_WARN_COMMA = YES;
				CLANG_WARN_CONSTANT_CONVERSION = YES;
				CLANG_WARN_DEPRECATED_OBJC_IMPLEMENTATIONS = YES;
				CLANG_WARN_DIRECT_OBJC_ISA_USAGE = YES_ERROR;
				CLANG_WARN_DOCUMENTATION_COMMENTS = YES;
				CLANG_WARN_EMPTY_BODY = YES;
				CLANG_WARN_ENUM_CONVERSION = YES;
				CLANG_WARN_INFINITE_RECURSION = YES;
				CLANG_WARN_INT_CONVERSION = YES;
				CLANG_WARN_NON_LITERAL_NULL_CONVERSION = YES;
				CLANG_WARN_OBJC_IMPLICIT_RETAIN_SELF = YES;
				CLANG_WARN_OBJC_LITERAL_CONVERSION = YES;
				CLANG_WARN_OBJC_ROOT_CLASS = YES_ERROR;
				CLANG_WARN_QUOTED_INCLUDE_IN_FRAMEWORK_HEADER = YES;
				CLANG_WARN_RANGE_LOOP_ANALYSIS = YES;
				CLANG_WARN_STRICT_PROTOTYPES = YES;
				CLANG_WARN_SUSPICIOUS_MOVE = YES;
				CLANG_WARN_UNGUARDED_AVAILABILITY = YES_AGGRESSIVE;
				CLANG_WARN_UNREACHABLE_CODE = YES;
				CLANG_WARN__DUPLICATE_METHOD_MATCH = YES;
				COPY_PHASE_STRIP = NO;
				DEBUG_INFORMATION_FORMAT = "dwarf-with-dsym";
				ENABLE_NS_ASSERTIONS = NO;
				ENABLE_STRICT_OBJC_MSGSEND = YES;
				GCC_C_LANGUAGE_STANDARD = gnu11;
				GCC_NO_COMMON_BLOCKS = YES;
				GCC_WARN_64_TO_32_BIT_CONVERSION = YES;
				GCC_WARN_ABOUT_RETURN_TYPE = YES_ERROR;
				GCC_WARN_UNDECLARED_SELECTOR = YES;
				GCC_WARN_UNINITIALIZED_AUTOS = YES_AGGRESSIVE;
				GCC_WARN_UNUSED_FUNCTION = YES;
				GCC_WARN_UNUSED_VARIABLE = YES;
				IPHONEOS_DEPLOYMENT_TARGET = 14.4;
				MTL_ENABLE_DEBUG_INFO = NO;
				MTL_FAST_MATH = YES;
				SDKROOT = iphoneos;
				SWIFT_COMPILATION_MODE = wholemodule;
				SWIFT_OPTIMIZATION_LEVEL = "-O";
				VALIDATE_PRODUCT = YES;
			};
			name = Release;
		};
		AA005C1426147F83000BF47F /* Debug */ = {
			isa = XCBuildConfiguration;
			buildSettings = {
				ASSETCATALOG_COMPILER_APPICON_NAME = AppIcon;
				ASSETCATALOG_COMPILER_GLOBAL_ACCENT_COLOR_NAME = AccentColor;
				CODE_SIGN_STYLE = Automatic;
				DEVELOPMENT_TEAM = 632K45F9F8;
				INFOPLIST_FILE = YGWebImage/Info.plist;
				LD_RUNPATH_SEARCH_PATHS = (
					"$(inherited)",
					"@executable_path/Frameworks",
				);
				PRODUCT_BUNDLE_IDENTIFIER = Demo.YGWebImage;
				PRODUCT_NAME = "$(TARGET_NAME)";
				SWIFT_VERSION = 5.0;
				TARGETED_DEVICE_FAMILY = "1,2";
			};
			name = Debug;
		};
		AA005C1526147F83000BF47F /* Release */ = {
			isa = XCBuildConfiguration;
			buildSettings = {
				ASSETCATALOG_COMPILER_APPICON_NAME = AppIcon;
				ASSETCATALOG_COMPILER_GLOBAL_ACCENT_COLOR_NAME = AccentColor;
				CODE_SIGN_STYLE = Automatic;
				DEVELOPMENT_TEAM = 632K45F9F8;
				INFOPLIST_FILE = YGWebImage/Info.plist;
				LD_RUNPATH_SEARCH_PATHS = (
					"$(inherited)",
					"@executable_path/Frameworks",
				);
				PRODUCT_BUNDLE_IDENTIFIER = Demo.YGWebImage;
				PRODUCT_NAME = "$(TARGET_NAME)";
				SWIFT_VERSION = 5.0;
				TARGETED_DEVICE_FAMILY = "1,2";
			};
			name = Release;
		};
/* End XCBuildConfiguration section */

/* Begin XCConfigurationList section */
		AA005BFA26147F80000BF47F /* Build configuration list for PBXProject "YGWebImage" */ = {
			isa = XCConfigurationList;
			buildConfigurations = (
				AA005C1126147F83000BF47F /* Debug */,
				AA005C1226147F83000BF47F /* Release */,
			);
			defaultConfigurationIsVisible = 0;
			defaultConfigurationName = Release;
		};
		AA005C1326147F83000BF47F /* Build configuration list for PBXNativeTarget "YGWebImage" */ = {
			isa = XCConfigurationList;
			buildConfigurations = (
				AA005C1426147F83000BF47F /* Debug */,
				AA005C1526147F83000BF47F /* Release */,
			);
			defaultConfigurationIsVisible = 0;
			defaultConfigurationName = Release;
		};
/* End XCConfigurationList section */
	};
	rootObject = AA005BF726147F80000BF47F /* Project object */;
}
